{
  "name": "blurt",
  "version": "1.39.1",
  "lockfileVersion": 1,
  "dependencies": {
    "buffalo": {
      "version": "0.1.3",
      "resolved": "https://registry.npmjs.org/buffalo/-/buffalo-0.1.3.tgz",
      "integrity": "sha1-qn9mG3x9kbmJuB5OAfwTRaqQBf4="
    },
    "tosource": {
      "version": "0.1.1",
      "resolved": "https://registry.npmjs.org/tosource/-/tosource-0.1.1.tgz",
      "integrity": "sha1-M7LUGQqBRn2Xg6EqVvcKRBJzOco="
    }
  }
}
